
Microsoft Visual Studio Solution File, Format Version 12.00
# Visual Studio Version 17
VisualStudioVersion = 17.5.33516.290
MinimumVisualStudioVersion = 10.0.40219.1
Project("{FAE04EC0-301F-11D3-BF4B-00C04F79EFBC}") = "UI", "UI\UI.csproj", "{D2426E5F-C119-4D8D-A65E-95D710BDF9BC}"
EndProject
Project("{FAE04EC0-301F-11D3-BF4B-00C04F79EFBC}") = "BLL", "BLL\BLL.csproj", "{50BAFCDA-E517-4376-9A75-016B961194A1}"
EndProject
Project("{FAE04EC0-301F-11D3-BF4B-00C04F79EFBC}") = "DAL", "DAL\DAL.csproj", "{5424BE48-6FEA-49A6-BF47-7EC45787C2F6}"
EndProject
Global
	GlobalSection(SolutionConfigurationPlatforms) = preSolution
		Debug|Any CPU = Debug|Any CPU
		Release|Any CPU = Release|Any CPU
	EndGlobalSection
	GlobalSection(ProjectConfigurationPlatforms) = postSolution
		{D2426E5F-C119-4D8D-A65E-95D710BDF9BC}.Debug|Any CPU.ActiveCfg = Debug|Any CPU
		{D2426E5F-C119-4D8D-A65E-95D710BDF9BC}.Debug|Any CPU.Build.0 = Debug|Any CPU
		{D2426E5F-C119-4D8D-A65E-95D710BDF9BC}.Release|Any CPU.ActiveCfg = Release|Any CPU
		{D2426E5F-C119-4D8D-A65E-95D710BDF9BC}.Release|Any CPU.Build.0 = Release|Any CPU
		{50BAFCDA-E517-4376-9A75-016B961194A1}.Debug|Any CPU.ActiveCfg = Debug|Any CPU
		{50BAFCDA-E517-4376-9A75-016B961194A1}.Debug|Any CPU.Build.0 = Debug|Any CPU
		{50BAFCDA-E517-4376-9A75-016B961194A1}.Release|Any CPU.ActiveCfg = Release|Any CPU
		{50BAFCDA-E517-4376-9A75-016B961194A1}.Release|Any CPU.Build.0 = Release|Any CPU
		{5424BE48-6FEA-49A6-BF47-7EC45787C2F6}.Debug|Any CPU.ActiveCfg = Debug|Any CPU
		{5424BE48-6FEA-49A6-BF47-7EC45787C2F6}.Debug|Any CPU.Build.0 = Debug|Any CPU
		{5424BE48-6FEA-49A6-BF47-7EC45787C2F6}.Release|Any CPU.ActiveCfg = Release|Any CPU
		{5424BE48-6FEA-49A6-BF47-7EC45787C2F6}.Release|Any CPU.Build.0 = Release|Any CPU
	EndGlobalSection
	GlobalSection(SolutionProperties) = preSolution
		HideSolutionNode = FALSE
	EndGlobalSection
	GlobalSection(ExtensibilityGlobals) = postSolution
		SolutionGuid = {82BBF60D-8387-4693-855F-44B0DC27CCE1}
	EndGlobalSection
EndGlobal
